// !$*UTF8*$!
{
	archiveVersion = 1;
	classes = {
	};
	objectVersion = 46;
	objects = {

/* Begin PBXBuildFile section */
		89FD0D851C72A6F000869690 /* AppDelegate.swift in Sources */ = {isa = PBXBuildFile; fileRef = 89FD0D841C72A6F000869690 /* AppDelegate.swift */; };
		89FD0D871C72A6F000869690 /* ViewController.swift in Sources */ = {isa = PBXBuildFile; fileRef = 89FD0D861C72A6F000869690 /* ViewController.swift */; };
		89FD0D8A1C72A6F000869690 /* Main.storyboard in Resources */ = {isa = PBXBuildFile; fileRef = 89FD0D881C72A6F000869690 /* Main.storyboard */; };
		89FD0D8C1C72A6F000869690 /* Assets.xcassets in Resources */ = {isa = PBXBuildFile; fileRef = 89FD0D8B1C72A6F000869690 /* Assets.xcassets */; };
		89FD0D8F1C72A6F000869690 /* LaunchScreen.storyboard in Resources */ = {isa = PBXBuildFile; fileRef = 89FD0D8D1C72A6F000869690 /* LaunchScreen.storyboard */; };
		89FD0D9A1C72A6F000869690 /* Instant_Voice_RecordTests.swift in Sources */ = {isa = PBXBuildFile; fileRef = 89FD0D991C72A6F000869690 /* Instant_Voice_RecordTests.swift */; };
		89FD0DA51C72A6F000869690 /* Instant_Voice_RecordUITests.swift in Sources */ = {isa = PBXBuildFile; fileRef = 89FD0DA41C72A6F000869690 /* Instant_Voice_RecordUITests.swift */; };
/* End PBXBuildFile section */

/* Begin PBXContainerItemProxy section */
		89FD0D961C72A6F000869690 /* PBXContainerItemProxy */ = {
			isa = PBXContainerItemProxy;
			containerPortal = 89FD0D791C72A6F000869690 /* Project object */;
			proxyType = 1;
			remoteGlobalIDString = 89FD0D801C72A6F000869690;
			remoteInfo = "Instant Voice Record";
		};
		89FD0DA11C72A6F000869690 /* PBXContainerItemProxy */ = {
			isa = PBXContainerItemProxy;
			containerPortal = 89FD0D791C72A6F000869690 /* Project object */;
			proxyType = 1;
			remoteGlobalIDString = 89FD0D801C72A6F000869690;
			remoteInfo = "Instant Voice Record";
		};
/* End PBXContainerItemProxy section */

/* Begin PBXFileReference section */
		89FD0D811C72A6F000869690 /* Instant Voice Record.app */ = {isa = PBXFileReference; explicitFileType = wrapper.application; includeInIndex = 0; path = "Instant Voice Record.app"; sourceTree = BUILT_PRODUCTS_DIR; };
		89FD0D841C72A6F000869690 /* AppDelegate.swift */ = {isa = PBXFileReference; lastKnownFileType = sourcecode.swift; path = AppDelegate.swift; sourceTree = "<group>"; };
		89FD0D861C72A6F000869690 /* ViewController.swift */ = {isa = PBXFileReference; lastKnownFileType = sourcecode.swift; path = ViewController.swift; sourceTree = "<group>"; };
		89FD0D891C72A6F000869690 /* Base */ = {isa = PBXFileReference; lastKnownFileType = file.storyboard; name = Base; path = Base.lproj/Main.storyboard; sourceTree = "<group>"; };
		89FD0D8B1C72A6F000869690 /* Assets.xcassets */ = {isa = PBXFileReference; lastKnownFileType = folder.assetcatalog; path = Assets.xcassets; sourceTree = "<group>"; };
		89FD0D8E1C72A6F000869690 /* Base */ = {isa = PBXFileReference; lastKnownFileType = file.storyboard; name = Base; path = Base.lproj/LaunchScreen.storyboard; sourceTree = "<group>"; };
		89FD0D901C72A6F000869690 /* Info.plist */ = {isa = PBXFileReference; lastKnownFileType = text.plist.xml; path = Info.plist; sourceTree = "<group>"; };
		89FD0D951C72A6F000869690 /* Instant Voice RecordTests.xctest */ = {isa = PBXFileReference; explicitFileType = wrapper.cfbundle; includeInIndex = 0; path = "Instant Voice RecordTests.xctest"; sourceTree = BUILT_PRODUCTS_DIR; };
		89FD0D991C72A6F000869690 /* Instant_Voice_RecordTests.swift */ = {isa = PBXFileReference; lastKnownFileType = sourcecode.swift; path = Instant_Voice_RecordTests.swift; sourceTree = "<group>"; };
		89FD0D9B1C72A6F000869690 /* Info.plist */ = {isa = PBXFileReference; lastKnownFileType = text.plist.xml; path = Info.plist; sourceTree = "<group>"; };
		89FD0DA01C72A6F000869690 /* Instant Voice RecordUITests.xctest */ = {isa = PBXFileReference; explicitFileType = wrapper.cfbundle; includeInIndex = 0; path = "Instant Voice RecordUITests.xctest"; sourceTree = BUILT_PRODUCTS_DIR; };
		89FD0DA41C72A6F000869690 /* Instant_Voice_RecordUITests.swift */ = {isa = PBXFileReference; lastKnownFileType = sourcecode.swift; path = Instant_Voice_RecordUITests.swift; sourceTree = "<group>"; };
		89FD0DA61C72A6F000869690 /* Info.plist */ = {isa = PBXFileReference; lastKnownFileType = text.plist.xml; path = Info.plist; sourceTree = "<group>"; };
/* End PBXFileReference section */

/* Begin PBXFrameworksBuildPhase section */
		89FD0D7E1C72A6F000869690 /* Frameworks */ = {
			isa = PBXFrameworksBuildPhase;
			buildActionMask = 2147483647;
			files = (
			);
			runOnlyForDeploymentPostprocessing = 0;
		};
		89FD0D921C72A6F000869690 /* Frameworks */ = {
			isa = PBXFrameworksBuildPhase;
			buildActionMask = 2147483647;
			files = (
			);
			runOnlyForDeploymentPostprocessing = 0;
		};
		89FD0D9D1C72A6F000869690 /* Frameworks */ = {
			isa = PBXFrameworksBuildPhase;
			buildActionMask = 2147483647;
			files = (
			);
			runOnlyForDeploymentPostprocessing = 0;
		};
/* End PBXFrameworksBuildPhase section */

/* Begin PBXGroup section */
		89FD0D781C72A6F000869690 = {
			isa = PBXGroup;
			children = (
				89FD0D831C72A6F000869690 /* Instant Voice Record */,
				89FD0D981C72A6F000869690 /* Instant Voice RecordTests */,
				89FD0DA31C72A6F000869690 /* Instant Voice RecordUITests */,
				89FD0D821C72A6F000869690 /* Products */,
			);
			sourceTree = "<group>";
		};
		89FD0D821C72A6F000869690 /* Products */ = {
			isa = PBXGroup;
			children = (
				89FD0D811C72A6F000869690 /* Instant Voice Record.app */,
				89FD0D951C72A6F000869690 /* Instant Voice RecordTests.xctest */,
				89FD0DA01C72A6F000869690 /* Instant Voice RecordUITests.xctest */,
			);
			name = Products;
			sourceTree = "<group>";
		};
		89FD0D831C72A6F000869690 /* Instant Voice Record */ = {
			isa = PBXGroup;
			children = (
				89FD0D841C72A6F000869690 /* AppDelegate.swift */,
				89FD0D861C72A6F000869690 /* ViewController.swift */,
				89FD0D881C72A6F000869690 /* Main.storyboard */,
				89FD0D8B1C72A6F000869690 /* Assets.xcassets */,
				89FD0D8D1C72A6F000869690 /* LaunchScreen.storyboard */,
				89FD0D901C72A6F000869690 /* Info.plist */,
			);
			path = "Instant Voice Record";
			sourceTree = "<group>";
		};
		89FD0D981C72A6F000869690 /* Instant Voice RecordTests */ = {
			isa = PBXGroup;
			children = (
				89FD0D991C72A6F000869690 /* Instant_Voice_RecordTests.swift */,
				89FD0D9B1C72A6F000869690 /* Info.plist */,
			);
			path = "Instant Voice RecordTests";
			sourceTree = "<group>";
		};
		89FD0DA31C72A6F000869690 /* Instant Voice RecordUITests */ = {
			isa = PBXGroup;
			children = (
				89FD0DA41C72A6F000869690 /* Instant_Voice_RecordUITests.swift */,
				89FD0DA61C72A6F000869690 /* Info.plist */,
			);
			path = "Instant Voice RecordUITests";
			sourceTree = "<group>";
		};
/* End PBXGroup section */

/* Begin PBXNativeTarget section */
		89FD0D801C72A6F000869690 /* Instant Voice Record */ = {
			isa = PBXNativeTarget;
			buildConfigurationList = 89FD0DA91C72A6F000869690 /* Build configuration list for PBXNativeTarget "Instant Voice Record" */;
			buildPhases = (
				89FD0D7D1C72A6F000869690 /* Sources */,
				89FD0D7E1C72A6F000869690 /* Frameworks */,
				89FD0D7F1C72A6F000869690 /* Resources */,
			);
			buildRules = (
			);
			dependencies = (
			);
			name = "Instant Voice Record";
			productName = "Instant Voice Record";
			productReference = 89FD0D811C72A6F000869690 /* Instant Voice Record.app */;
			productType = "com.apple.product-type.application";
		};
		89FD0D941C72A6F000869690 /* Instant Voice RecordTests */ = {
			isa = PBXNativeTarget;
			buildConfigurationList = 89FD0DAC1C72A6F000869690 /* Build configuration list for PBXNativeTarget "Instant Voice RecordTests" */;
			buildPhases = (
				89FD0D911C72A6F000869690 /* Sources */,
				89FD0D921C72A6F000869690 /* Frameworks */,
				89FD0D931C72A6F000869690 /* Resources */,
			);
			buildRules = (
			);
			dependencies = (
				89FD0D971C72A6F000869690 /* PBXTargetDependency */,
			);
			name = "Instant Voice RecordTests";
			productName = "Instant Voice RecordTests";
			productReference = 89FD0D951C72A6F000869690 /* Instant Voice RecordTests.xctest */;
			productType = "com.apple.product-type.bundle.unit-test";
		};
		89FD0D9F1C72A6F000869690 /* Instant Voice RecordUITests */ = {
			isa = PBXNativeTarget;
			buildConfigurationList = 89FD0DAF1C72A6F000869690 /* Build configuration list for PBXNativeTarget "Instant Voice RecordUITests" */;
			buildPhases = (
				89FD0D9C1C72A6F000869690 /* Sources */,
				89FD0D9D1C72A6F000869690 /* Frameworks */,
				89FD0D9E1C72A6F000869690 /* Resources */,
			);
			buildRules = (
			);
			dependencies = (
				89FD0DA21C72A6F000869690 /* PBXTargetDependency */,
			);
			name = "Instant Voice RecordUITests";
			productName = "Instant Voice RecordUITests";
			productReference = 89FD0DA01C72A6F000869690 /* Instant Voice RecordUITests.xctest */;
			productType = "com.apple.product-type.bundle.ui-testing";
		};
/* End PBXNativeTarget section */

/* Begin PBXProject section */
		89FD0D791C72A6F000869690 /* Project object */ = {
			isa = PBXProject;
			attributes = {
				LastSwiftUpdateCheck = 0720;
				LastUpgradeCheck = 0720;
				ORGANIZATIONNAME = "Chloe YiTing Chen";
				TargetAttributes = {
					89FD0D801C72A6F000869690 = {
						CreatedOnToolsVersion = 7.2.1;
					};
					89FD0D941C72A6F000869690 = {
						CreatedOnToolsVersion = 7.2.1;
						TestTargetID = 89FD0D801C72A6F000869690;
					};
					89FD0D9F1C72A6F000869690 = {
						CreatedOnToolsVersion = 7.2.1;
						TestTargetID = 89FD0D801C72A6F000869690;
					};
				};
			};
			buildConfigurationList = 89FD0D7C1C72A6F000869690 /* Build configuration list for PBXProject "Instant Voice Record" */;
			compatibilityVersion = "Xcode 3.2";
			developmentRegion = English;
			hasScannedForEncodings = 0;
			knownRegions = (
				en,
				Base,
			);
			mainGroup = 89FD0D781C72A6F000869690;
			productRefGroup = 89FD0D821C72A6F000869690 /* Products */;
			projectDirPath = "";
			projectRoot = "";
			targets = (
				89FD0D801C72A6F000869690 /* Instant Voice Record */,
				89FD0D941C72A6F000869690 /* Instant Voice RecordTests */,
				89FD0D9F1C72A6F000869690 /* Instant Voice RecordUITests */,
			);
		};
/* End PBXProject section */

/* Begin PBXResourcesBuildPhase section */
		89FD0D7F1C72A6F000869690 /* Resources */ = {
			isa = PBXResourcesBuildPhase;
			buildActionMask = 2147483647;
			files = (
				89FD0D8F1C72A6F000869690 /* LaunchScreen.storyboard in Resources */,
				89FD0D8C1C72A6F000869690 /* Assets.xcassets in Resources */,
				89FD0D8A1C72A6F000869690 /* Main.storyboard in Resources */,
			);
			runOnlyForDeploymentPostprocessing = 0;
		};
		89FD0D931C72A6F000869690 /* Resources */ = {
			isa = PBXResourcesBuildPhase;
			buildActionMask = 2147483647;
			files = (
			);
			runOnlyForDeploymentPostprocessing = 0;
		};
		89FD0D9E1C72A6F000869690 /* Resources */ = {
			isa = PBXResourcesBuildPhase;
			buildActionMask = 2147483647;
			files = (
			);
			runOnlyForDeploymentPostprocessing = 0;
		};
/* End PBXResourcesBuildPhase section */

/* Begin PBXSourcesBuildPhase section */
		89FD0D7D1C72A6F000869690 /* Sources */ = {
			isa = PBXSourcesBuildPhase;
			buildActionMask = 2147483647;
			files = (
				89FD0D871C72A6F000869690 /* ViewController.swift in Sources */,
				89FD0D851C72A6F000869690 /* AppDelegate.swift in Sources */,
			);
			runOnlyForDeploymentPostprocessing = 0;
		};
		89FD0D911C72A6F000869690 /* Sources */ = {
			isa = PBXSourcesBuildPhase;
			buildActionMask = 2147483647;
			files = (
				89FD0D9A1C72A6F000869690 /* Instant_Voice_RecordTests.swift in Sources */,
			);
			runOnlyForDeploymentPostprocessing = 0;
		};
		89FD0D9C1C72A6F000869690 /* Sources */ = {
			isa = PBXSourcesBuildPhase;
			buildActionMask = 2147483647;
			files = (
				89FD0DA51C72A6F000869690 /* Instant_Voice_RecordUITests.swift in Sources */,
			);
			runOnlyForDeploymentPostprocessing = 0;
		};
/* End PBXSourcesBuildPhase section */

/* Begin PBXTargetDependency section */
		89FD0D971C72A6F000869690 /* PBXTargetDependency */ = {
			isa = PBXTargetDependency;
			target = 89FD0D801C72A6F000869690 /* Instant Voice Record */;
			targetProxy = 89FD0D961C72A6F000869690 /* PBXContainerItemProxy */;
		};
		89FD0DA21C72A6F000869690 /* PBXTargetDependency */ = {
			isa = PBXTargetDependency;
			target = 89FD0D801C72A6F000869690 /* Instant Voice Record */;
			targetProxy = 89FD0DA11C72A6F000869690 /* PBXContainerItemProxy */;
		};
/* End PBXTargetDependency section */

/* Begin PBXVariantGroup section */
		89FD0D881C72A6F000869690 /* Main.storyboard */ = {
			isa = PBXVariantGroup;
			children = (
				89FD0D891C72A6F000869690 /* Base */,
			);
			name = Main.storyboard;
			sourceTree = "<group>";
		};
		89FD0D8D1C72A6F000869690 /* LaunchScreen.storyboard */ = {
			isa = PBXVariantGroup;
			children = (
				89FD0D8E1C72A6F000869690 /* Base */,
			);
			name = LaunchScreen.storyboard;
			sourceTree = "<group>";
		};
/* End PBXVariantGroup section */

/* Begin XCBuildConfiguration section */
		89FD0DA71C72A6F000869690 /* Debug */ = {
			isa = XCBuildConfiguration;
			buildSettings = {
				ALWAYS_SEARCH_USER_PATHS = NO;
				CLANG_CXX_LANGUAGE_STANDARD = "gnu++0x";
				CLANG_CXX_LIBRARY = "libc++";
				CLANG_ENABLE_MODULES = YES;
				CLANG_ENABLE_OBJC_ARC = YES;
				CLANG_WARN_BOOL_CONVERSION = YES;
				CLANG_WARN_CONSTANT_CONVERSION = YES;
				CLANG_WARN_DIRECT_OBJC_ISA_USAGE = YES_ERROR;
				CLANG_WARN_EMPTY_BODY = YES;
				CLANG_WARN_ENUM_CONVERSION = YES;
				CLANG_WARN_INT_CONVERSION = YES;
				CLANG_WARN_OBJC_ROOT_CLASS = YES_ERROR;
				CLANG_WARN_UNREACHABLE_CODE = YES;
				CLANG_WARN__DUPLICATE_METHOD_MATCH = YES;
				"CODE_SIGN_IDENTITY[sdk=iphoneos*]" = "iPhone Developer";
				COPY_PHASE_STRIP = NO;
				DEBUG_INFORMATION_FORMAT = dwarf;
				ENABLE_STRICT_OBJC_MSGSEND = YES;
				ENABLE_TESTABILITY = YES;
				GCC_C_LANGUAGE_STANDARD = gnu99;
				GCC_DYNAMIC_NO_PIC = NO;
				GCC_NO_COMMON_BLOCKS = YES;
				GCC_OPTIMIZATION_LEVEL = 0;
				GCC_PREPROCESSOR_DEFINITIONS = (
					"DEBUG=1",
					"$(inherited)",
				);
				GCC_WARN_64_TO_32_BIT_CONVERSION = YES;
				GCC_WARN_ABOUT_RETURN_TYPE = YES_ERROR;
				GCC_WARN_UNDECLARED_SELECTOR = YES;
				GCC_WARN_UNINITIALIZED_AUTOS = YES_AGGRESSIVE;
				GCC_WARN_UNUSED_FUNCTION = YES;
				GCC_WARN_UNUSED_VARIABLE = YES;
				IPHONEOS_DEPLOYMENT_TARGET = 9.2;
				MTL_ENABLE_DEBUG_INFO = YES;
				ONLY_ACTIVE_ARCH = YES;
				SDKROOT = iphoneos;
				SWIFT_OPTIMIZATION_LEVEL = "-Onone";
			};
			name = Debug;
		};
		89FD0DA81C72A6F000869690 /* Release */ = {
			isa = XCBuildConfiguration;
			buildSettings = {
				ALWAYS_SEARCH_USER_PATHS = NO;
				CLANG_CXX_LANGUAGE_STANDARD = "gnu++0x";
				CLANG_CXX_LIBRARY = "libc++";
				CLANG_ENABLE_MODULES = YES;
				CLANG_ENABLE_OBJC_ARC = YES;
				CLANG_WARN_BOOL_CONVERSION = YES;
				CLANG_WARN_CONSTANT_CONVERSION = YES;
				CLANG_WARN_DIRECT_OBJC_ISA_USAGE = YES_ERROR;
				CLANG_WARN_EMPTY_BODY = YES;
				CLANG_WARN_ENUM_CONVERSION = YES;
				CLANG_WARN_INT_CONVERSION = YES;
				CLANG_WARN_OBJC_ROOT_CLASS = YES_ERROR;
				CLANG_WARN_UNREACHABLE_CODE = YES;
				CLANG_WARN__DUPLICATE_METHOD_MATCH = YES;
				"CODE_SIGN_IDENTITY[sdk=iphoneos*]" = "iPhone Developer";
				COPY_PHASE_STRIP = NO;
				DEBUG_INFORMATION_FORMAT = "dwarf-with-dsym";
				ENABLE_NS_ASSERTIONS = NO;
				ENABLE_STRICT_OBJC_MSGSEND = YES;
				GCC_C_LANGUAGE_STANDARD = gnu99;
				GCC_NO_COMMON_BLOCKS = YES;
				GCC_WARN_64_TO_32_BIT_CONVERSION = YES;
				GCC_WARN_ABOUT_RETURN_TYPE = YES_ERROR;
				GCC_WARN_UNDECLARED_SELECTOR = YES;
				GCC_WARN_UNINITIALIZED_AUTOS = YES_AGGRESSIVE;
				GCC_WARN_UNUSED_FUNCTION = YES;
				GCC_WARN_UNUSED_VARIABLE = YES;
				IPHONEOS_DEPLOYMENT_TARGET = 9.2;
				MTL_ENABLE_DEBUG_INFO = NO;
				SDKROOT = iphoneos;
				VALIDATE_PRODUCT = YES;
			};
			name = Release;
		};
		89FD0DAA1C72A6F000869690 /* Debug */ = {
			isa = XCBuildConfiguration;
			buildSettings = {
				ASSETCATALOG_COMPILER_APPICON_NAME = AppIcon;
				INFOPLIST_FILE = "Instant Voice Record/Info.plist";
				LD_RUNPATH_SEARCH_PATHS = "$(inherited) @executable_path/Frameworks";
				PRODUCT_BUNDLE_IDENTIFIER = "com.chloeyitingchen.Instant-Voice-Record";
				PRODUCT_NAME = "$(TARGET_NAME)";
			};
			name = Debug;
		};
		89FD0DAB1C72A6F000869690 /* Release */ = {
			isa = XCBuildConfiguration;
			buildSettings = {
				ASSETCATALOG_COMPILER_APPICON_NAME = AppIcon;
				INFOPLIST_FILE = "Instant Voice Record/Info.plist";
				LD_RUNPATH_SEARCH_PATHS = "$(inherited) @executable_path/Frameworks";
				PRODUCT_BUNDLE_IDENTIFIER = "com.chloeyitingchen.Instant-Voice-Record";
				PRODUCT_NAME = "$(TARGET_NAME)";
			};
			name = Release;
		};
		89FD0DAD1C72A6F000869690 /* Debug */ = {
			isa = XCBuildConfiguration;
			buildSettings = {
				BUNDLE_LOADER = "$(TEST_HOST)";
				INFOPLIST_FILE = "Instant Voice RecordTests/Info.plist";
				LD_RUNPATH_SEARCH_PATHS = "$(inherited) @executable_path/Frameworks @loader_path/Frameworks";
				PRODUCT_BUNDLE_IDENTIFIER = "com.chloeyitingchen.Instant-Voice-RecordTests";
				PRODUCT_NAME = "$(TARGET_NAME)";
				TEST_HOST = "$(BUILT_PRODUCTS_DIR)/Instant Voice Record.app/Instant Voice Record";
			};
			name = Debug;
		};
		89FD0DAE1C72A6F000869690 /* Release */ = {
			isa = XCBuildConfiguration;
			buildSettings = {
				BUNDLE_LOADER = "$(TEST_HOST)";
				INFOPLIST_FILE = "Instant Voice RecordTests/Info.plist";
				LD_RUNPATH_SEARCH_PATHS = "$(inherited) @executable_path/Frameworks @loader_path/Frameworks";
				PRODUCT_BUNDLE_IDENTIFIER = "com.chloeyitingchen.Instant-Voice-RecordTests";
				PRODUCT_NAME = "$(TARGET_NAME)";
				TEST_HOST = "$(BUILT_PRODUCTS_DIR)/Instant Voice Record.app/Instant Voice Record";
			};
			name = Release;
		};
		89FD0DB01C72A6F000869690 /* Debug */ = {
			isa = XCBuildConfiguration;
			buildSettings = {
				INFOPLIST_FILE = "Instant Voice RecordUITests/Info.plist";
				LD_RUNPATH_SEARCH_PATHS = "$(inherited) @executable_path/Frameworks @loader_path/Frameworks";
				PRODUCT_BUNDLE_IDENTIFIER = "com.chloeyitingchen.Instant-Voice-RecordUITests";
				PRODUCT_NAME = "$(TARGET_NAME)";
				TEST_TARGET_NAME = "Instant Voice Record";
				USES_XCTRUNNER = YES;
			};
			name = Debug;
		};
		89FD0DB11C72A6F000869690 /* Release */ = {
			isa = XCBuildConfiguration;
			buildSettings = {
				INFOPLIST_FILE = "Instant Voice RecordUITests/Info.plist";
				LD_RUNPATH_SEARCH_PATHS = "$(inherited) @executable_path/Frameworks @loader_path/Frameworks";
				PRODUCT_BUNDLE_IDENTIFIER = "com.chloeyitingchen.Instant-Voice-RecordUITests";
				PRODUCT_NAME = "$(TARGET_NAME)";
				TEST_TARGET_NAME = "Instant Voice Record";
				USES_XCTRUNNER = YES;
			};
			name = Release;
		};
/* End XCBuildConfiguration section */

/* Begin XCConfigurationList section */
		89FD0D7C1C72A6F000869690 /* Build configuration list for PBXProject "Instant Voice Record" */ = {
			isa = XCConfigurationList;
			buildConfigurations = (
				89FD0DA71C72A6F000869690 /* Debug */,
				89FD0DA81C72A6F000869690 /* Release */,
			);
			defaultConfigurationIsVisible = 0;
			defaultConfigurationName = Release;
		};
		89FD0DA91C72A6F000869690 /* Build configuration list for PBXNativeTarget "Instant Voice Record" */ = {
			isa = XCConfigurationList;
			buildConfigurations = (
				89FD0DAA1C72A6F000869690 /* Debug */,
				89FD0DAB1C72A6F000869690 /* Release */,
			);
			defaultConfigurationIsVisible = 0;
		};
		89FD0DAC1C72A6F000869690 /* Build configuration list for PBXNativeTarget "Instant Voice RecordTests" */ = {
			isa = XCConfigurationList;
			buildConfigurations = (
				89FD0DAD1C72A6F000869690 /* Debug */,
				89FD0DAE1C72A6F000869690 /* Release */,
			);
			defaultConfigurationIsVisible = 0;
		};
		89FD0DAF1C72A6F000869690 /* Build configuration list for PBXNativeTarget "Instant Voice RecordUITests" */ = {
			isa = XCConfigurationList;
			buildConfigurations = (
				89FD0DB01C72A6F000869690 /* Debug */,
				89FD0DB11C72A6F000869690 /* Release */,
			);
			defaultConfigurationIsVisible = 0;
		};
/* End XCConfigurationList section */
	};
	rootObject = 89FD0D791C72A6F000869690 /* Project object */;
}
